// !$*UTF8*$!
{
	archiveVersion = 1;
	classes = {
	};
	objectVersion = 46;
	objects = {

/* Begin PBXBuildFile section */
		C48B100C1F0AF8E6001F0E66 /* AppDelegate.swift in Sources */ = {isa = PBXBuildFile; fileRef = C48B100B1F0AF8E6001F0E66 /* AppDelegate.swift */; };
		C48B100E1F0AF8E6001F0E66 /* ViewController.swift in Sources */ = {isa = PBXBuildFile; fileRef = C48B100D1F0AF8E6001F0E66 /* ViewController.swift */; };
		C48B10111F0AF8E6001F0E66 /* Main.storyboard in Resources */ = {isa = PBXBuildFile; fileRef = C48B100F1F0AF8E6001F0E66 /* Main.storyboard */; };
		C48B10131F0AF8E6001F0E66 /* Assets.xcassets in Resources */ = {isa = PBXBuildFile; fileRef = C48B10121F0AF8E6001F0E66 /* Assets.xcassets */; };
		C48B10161F0AF8E6001F0E66 /* LaunchScreen.storyboard in Resources */ = {isa = PBXBuildFile; fileRef = C48B10141F0AF8E6001F0E66 /* LaunchScreen.storyboard */; };
/* End PBXBuildFile section */

/* Begin PBXFileReference section */
		C48B10081F0AF8E6001F0E66 /* FirebaseDo.app */ = {isa = PBXFileReference; explicitFileType = wrapper.application; includeInIndex = 0; path = FirebaseDo.app; sourceTree = BUILT_PRODUCTS_DIR; };
		C48B100B1F0AF8E6001F0E66 /* AppDelegate.swift */ = {isa = PBXFileReference; lastKnownFileType = sourcecode.swift; path = AppDelegate.swift; sourceTree = "<group>"; };
		C48B100D1F0AF8E6001F0E66 /* ViewController.swift */ = {isa = PBXFileReference; lastKnownFileType = sourcecode.swift; path = ViewController.swift; sourceTree = "<group>"; };
		C48B10101F0AF8E6001F0E66 /* Base */ = {isa = PBXFileReference; lastKnownFileType = file.storyboard; name = Base; path = Base.lproj/Main.storyboard; sourceTree = "<group>"; };
		C48B10121F0AF8E6001F0E66 /* Assets.xcassets */ = {isa = PBXFileReference; lastKnownFileType = folder.assetcatalog; path = Assets.xcassets; sourceTree = "<group>"; };
		C48B10151F0AF8E6001F0E66 /* Base */ = {isa = PBXFileReference; lastKnownFileType = file.storyboard; name = Base; path = Base.lproj/LaunchScreen.storyboard; sourceTree = "<group>"; };
		C48B10171F0AF8E6001F0E66 /* Info.plist */ = {isa = PBXFileReference; lastKnownFileType = text.plist.xml; path = Info.plist; sourceTree = "<group>"; };
/* End PBXFileReference section */

/* Begin PBXFrameworksBuildPhase section */
		C48B10051F0AF8E6001F0E66 /* Frameworks */ = {
			isa = PBXFrameworksBuildPhase;
			buildActionMask = 2147483647;
			files = (
			);
			runOnlyForDeploymentPostprocessing = 0;
		};
/* End PBXFrameworksBuildPhase section */

/* Begin PBXGroup section */
		C48B0FFF1F0AF8E6001F0E66 = {
			isa = PBXGroup;
			children = (
				C48B100A1F0AF8E6001F0E66 /* FirebaseDo */,
				C48B10091F0AF8E6001F0E66 /* Products */,
			);
			sourceTree = "<group>";
		};
		C48B10091F0AF8E6001F0E66 /* Products */ = {
			isa = PBXGroup;
			children = (
				C48B10081F0AF8E6001F0E66 /* FirebaseDo.app */,
			);
			name = Products;
			sourceTree = "<group>";
		};
		C48B100A1F0AF8E6001F0E66 /* FirebaseDo */ = {
			isa = PBXGroup;
			children = (
				C48B100B1F0AF8E6001F0E66 /* AppDelegate.swift */,
				C48B100D1F0AF8E6001F0E66 /* ViewController.swift */,
				C48B100F1F0AF8E6001F0E66 /* Main.storyboard */,
				C48B10121F0AF8E6001F0E66 /* Assets.xcassets */,
				C48B10141F0AF8E6001F0E66 /* LaunchScreen.storyboard */,
				C48B10171F0AF8E6001F0E66 /* Info.plist */,
			);
			path = FirebaseDo;
			sourceTree = "<group>";
		};
/* End PBXGroup section */

/* Begin PBXNativeTarget section */
		C48B10071F0AF8E6001F0E66 /* FirebaseDo */ = {
			isa = PBXNativeTarget;
			buildConfigurationList = C48B101A1F0AF8E6001F0E66 /* Build configuration list for PBXNativeTarget "FirebaseDo" */;
			buildPhases = (
				C48B10041F0AF8E6001F0E66 /* Sources */,
				C48B10051F0AF8E6001F0E66 /* Frameworks */,
				C48B10061F0AF8E6001F0E66 /* Resources */,
			);
			buildRules = (
			);
			dependencies = (
			);
			name = FirebaseDo;
			productName = FirebaseDo;
			productReference = C48B10081F0AF8E6001F0E66 /* FirebaseDo.app */;
			productType = "com.apple.product-type.application";
		};
/* End PBXNativeTarget section */

/* Begin PBXProject section */
		C48B10001F0AF8E6001F0E66 /* Project object */ = {
			isa = PBXProject;
			attributes = {
				LastSwiftUpdateCheck = 0830;
				LastUpgradeCheck = 0830;
				ORGANIZATIONNAME = "Doron Katz";
				TargetAttributes = {
					C48B10071F0AF8E6001F0E66 = {
						CreatedOnToolsVersion = 8.3.3;
						ProvisioningStyle = Automatic;
					};
				};
			};
			buildConfigurationList = C48B10031F0AF8E6001F0E66 /* Build configuration list for PBXProject "FirebaseDo" */;
			compatibilityVersion = "Xcode 3.2";
			developmentRegion = English;
			hasScannedForEncodings = 0;
			knownRegions = (
				en,
				Base,
			);
			mainGroup = C48B0FFF1F0AF8E6001F0E66;
			productRefGroup = C48B10091F0AF8E6001F0E66 /* Products */;
			projectDirPath = "";
			projectRoot = "";
			targets = (
				C48B10071F0AF8E6001F0E66 /* FirebaseDo */,
			);
		};
/* End PBXProject section */

/* Begin PBXResourcesBuildPhase section */
		C48B10061F0AF8E6001F0E66 /* Resources */ = {
			isa = PBXResourcesBuildPhase;
			buildActionMask = 2147483647;
			files = (
				C48B10161F0AF8E6001F0E66 /* LaunchScreen.storyboard in Resources */,
				C48B10131F0AF8E6001F0E66 /* Assets.xcassets in Resources */,
				C48B10111F0AF8E6001F0E66 /* Main.storyboard in Resources */,
			);
			runOnlyForDeploymentPostprocessing = 0;
		};
/* End PBXResourcesBuildPhase section */

/* Begin PBXSourcesBuildPhase section */
		C48B10041F0AF8E6001F0E66 /* Sources */ = {
			isa = PBXSourcesBuildPhase;
			buildActionMask = 2147483647;
			files = (
				C48B100E1F0AF8E6001F0E66 /* ViewController.swift in Sources */,
				C48B100C1F0AF8E6001F0E66 /* AppDelegate.swift in Sources */,
			);
			runOnlyForDeploymentPostprocessing = 0;
		};
/* End PBXSourcesBuildPhase section */

/* Begin PBXVariantGroup section */
		C48B100F1F0AF8E6001F0E66 /* Main.storyboard */ = {
			isa = PBXVariantGroup;
			children = (
				C48B10101F0AF8E6001F0E66 /* Base */,
			);
			name = Main.storyboard;
			sourceTree = "<group>";
		};
		C48B10141F0AF8E6001F0E66 /* LaunchScreen.storyboard */ = {
			isa = PBXVariantGroup;
			children = (
				C48B10151F0AF8E6001F0E66 /* Base */,
			);
			name = LaunchScreen.storyboard;
			sourceTree = "<group>";
		};
/* End PBXVariantGroup section */

/* Begin XCBuildConfiguration section */
		C48B10181F0AF8E6001F0E66 /* Debug */ = {
			isa = XCBuildConfiguration;
			buildSettings = {
				ALWAYS_SEARCH_USER_PATHS = NO;
				CLANG_ANALYZER_NONNULL = YES;
				CLANG_ANALYZER_NUMBER_OBJECT_CONVERSION = YES_AGGRESSIVE;
				CLANG_CXX_LANGUAGE_STANDARD = "gnu++0x";
				CLANG_CXX_LIBRARY = "libc++";
				CLANG_ENABLE_MODULES = YES;
				CLANG_ENABLE_OBJC_ARC = YES;
				CLANG_WARN_BOOL_CONVERSION = YES;
				CLANG_WARN_CONSTANT_CONVERSION = YES;
				CLANG_WARN_DIRECT_OBJC_ISA_USAGE = YES_ERROR;
				CLANG_WARN_DOCUMENTATION_COMMENTS = YES;
				CLANG_WARN_EMPTY_BODY = YES;
				CLANG_WARN_ENUM_CONVERSION = YES;
				CLANG_WARN_INFINITE_RECURSION = YES;
				CLANG_WARN_INT_CONVERSION = YES;
				CLANG_WARN_OBJC_ROOT_CLASS = YES_ERROR;
				CLANG_WARN_SUSPICIOUS_MOVE = YES;
				CLANG_WARN_UNREACHABLE_CODE = YES;
				CLANG_WARN__DUPLICATE_METHOD_MATCH = YES;
				"CODE_SIGN_IDENTITY[sdk=iphoneos*]" = "iPhone Developer";
				COPY_PHASE_STRIP = NO;
				DEBUG_INFORMATION_FORMAT = dwarf;
				ENABLE_STRICT_OBJC_MSGSEND = YES;
				ENABLE_TESTABILITY = YES;
				GCC_C_LANGUAGE_STANDARD = gnu99;
				GCC_DYNAMIC_NO_PIC = NO;
				GCC_NO_COMMON_BLOCKS = YES;
				GCC_OPTIMIZATION_LEVEL = 0;
				GCC_PREPROCESSOR_DEFINITIONS = (
					"DEBUG=1",
					"$(inherited)",
				);
				GCC_WARN_64_TO_32_BIT_CONVERSION = YES;
				GCC_WARN_ABOUT_RETURN_TYPE = YES_ERROR;
				GCC_WARN_UNDECLARED_SELECTOR = YES;
				GCC_WARN_UNINITIALIZED_AUTOS = YES_AGGRESSIVE;
				GCC_WARN_UNUSED_FUNCTION = YES;
				GCC_WARN_UNUSED_VARIABLE = YES;
				IPHONEOS_DEPLOYMENT_TARGET = 10.3;
				MTL_ENABLE_DEBUG_INFO = YES;
				ONLY_ACTIVE_ARCH = YES;
				SDKROOT = iphoneos;
				SWIFT_ACTIVE_COMPILATION_CONDITIONS = DEBUG;
				SWIFT_OPTIMIZATION_LEVEL = "-Onone";
				TARGETED_DEVICE_FAMILY = "1,2";
			};
			name = Debug;
		};
		C48B10191F0AF8E6001F0E66 /* Release */ = {
			isa = XCBuildConfiguration;
			buildSettings = {
				ALWAYS_SEARCH_USER_PATHS = NO;
				CLANG_ANALYZER_NONNULL = YES;
				CLANG_ANALYZER_NUMBER_OBJECT_CONVERSION = YES_AGGRESSIVE;
				CLANG_CXX_LANGUAGE_STANDARD = "gnu++0x";
				CLANG_CXX_LIBRARY = "libc++";
				CLANG_ENABLE_MODULES = YES;
				CLANG_ENABLE_OBJC_ARC = YES;
				CLANG_WARN_BOOL_CONVERSION = YES;
				CLANG_WARN_CONSTANT_CONVERSION = YES;
				CLANG_WARN_DIRECT_OBJC_ISA_USAGE = YES_ERROR;
				CLANG_WARN_DOCUMENTATION_COMMENTS = YES;
				CLANG_WARN_EMPTY_BODY = YES;
				CLANG_WARN_ENUM_CONVERSION = YES;
				CLANG_WARN_INFINITE_RECURSION = YES;
				CLANG_WARN_INT_CONVERSION = YES;
				CLANG_WARN_OBJC_ROOT_CLASS = YES_ERROR;
				CLANG_WARN_SUSPICIOUS_MOVE = YES;
				CLANG_WARN_UNREACHABLE_CODE = YES;
				CLANG_WARN__DUPLICATE_METHOD_MATCH = YES;
				"CODE_SIGN_IDENTITY[sdk=iphoneos*]" = "iPhone Developer";
				COPY_PHASE_STRIP = NO;
				DEBUG_INFORMATION_FORMAT = "dwarf-with-dsym";
				ENABLE_NS_ASSERTIONS = NO;
				ENABLE_STRICT_OBJC_MSGSEND = YES;
				GCC_C_LANGUAGE_STANDARD = gnu99;
				GCC_NO_COMMON_BLOCKS = YES;
				GCC_WARN_64_TO_32_BIT_CONVERSION = YES;
				GCC_WARN_ABOUT_RETURN_TYPE = YES_ERROR;
				GCC_WARN_UNDECLARED_SELECTOR = YES;
				GCC_WARN_UNINITIALIZED_AUTOS = YES_AGGRESSIVE;
				GCC_WARN_UNUSED_FUNCTION = YES;
				GCC_WARN_UNUSED_VARIABLE = YES;
				IPHONEOS_DEPLOYMENT_TARGET = 10.3;
				MTL_ENABLE_DEBUG_INFO = NO;
				SDKROOT = iphoneos;
				SWIFT_OPTIMIZATION_LEVEL = "-Owholemodule";
				TARGETED_DEVICE_FAMILY = "1,2";
				VALIDATE_PRODUCT = YES;
			};
			name = Release;
		};
		C48B101B1F0AF8E6001F0E66 /* Debug */ = {
			isa = XCBuildConfiguration;
			buildSettings = {
				ASSETCATALOG_COMPILER_APPICON_NAME = AppIcon;
				INFOPLIST_FILE = FirebaseDo/Info.plist;
				LD_RUNPATH_SEARCH_PATHS = "$(inherited) @executable_path/Frameworks";
				PRODUCT_BUNDLE_IDENTIFIER = com.doronkatz.FirebaseDo;
				PRODUCT_NAME = "$(TARGET_NAME)";
				SWIFT_VERSION = 3.0;
			};
			name = Debug;
		};
		C48B101C1F0AF8E6001F0E66 /* Release */ = {
			isa = XCBuildConfiguration;
			buildSettings = {
				ASSETCATALOG_COMPILER_APPICON_NAME = AppIcon;
				INFOPLIST_FILE = FirebaseDo/Info.plist;
				LD_RUNPATH_SEARCH_PATHS = "$(inherited) @executable_path/Frameworks";
				PRODUCT_BUNDLE_IDENTIFIER = com.doronkatz.FirebaseDo;
				PRODUCT_NAME = "$(TARGET_NAME)";
				SWIFT_VERSION = 3.0;
			};
			name = Release;
		};
/* End XCBuildConfiguration section */

/* Begin XCConfigurationList section */
		C48B10031F0AF8E6001F0E66 /* Build configuration list for PBXProject "FirebaseDo" */ = {
			isa = XCConfigurationList;
			buildConfigurations = (
				C48B10181F0AF8E6001F0E66 /* Debug */,
				C48B10191F0AF8E6001F0E66 /* Release */,
			);
			defaultConfigurationIsVisible = 0;
			defaultConfigurationName = Release;
		};
		C48B101A1F0AF8E6001F0E66 /* Build configuration list for PBXNativeTarget "FirebaseDo" */ = {
			isa = XCConfigurationList;
			buildConfigurations = (
				C48B101B1F0AF8E6001F0E66 /* Debug */,
				C48B101C1F0AF8E6001F0E66 /* Release */,
			);
			defaultConfigurationIsVisible = 0;
		};
/* End XCConfigurationList section */
	};
	rootObject = C48B10001F0AF8E6001F0E66 /* Project object */;
}
